
Microsoft Visual Studio Solution File, Format Version 12.00
# Visual Studio Version 17
VisualStudioVersion = 17.13.35825.156 d17.13
MinimumVisualStudioVersion = 10.0.40219.1
Project("{FAE04EC0-301F-11D3-BF4B-00C04F79EFBC}") = "BlazorWasmPortfolio", "BlazorWasmPortfolio.csproj", "{071B9635-D844-41ED-B63C-94B2517BDB1B}"
EndProject
Global
	GlobalSection(SolutionConfigurationPlatforms) = preSolution
		Debug|Any CPU = Debug|Any CPU
		Release|Any CPU = Release|Any CPU
	EndGlobalSection
	GlobalSection(ProjectConfigurationPlatforms) = postSolution
		{071B9635-D844-41ED-B63C-94B2517BDB1B}.Debug|Any CPU.ActiveCfg = Debug|Any CPU
		{071B9635-D844-41ED-B63C-94B2517BDB1B}.Debug|Any CPU.Build.0 = Debug|Any CPU
		{071B9635-D844-41ED-B63C-94B2517BDB1B}.Release|Any CPU.ActiveCfg = Release|Any CPU
		{071B9635-D844-41ED-B63C-94B2517BDB1B}.Release|Any CPU.Build.0 = Release|Any CPU
	EndGlobalSection
	GlobalSection(SolutionProperties) = preSolution
		HideSolutionNode = FALSE
	EndGlobalSection
	GlobalSection(ExtensibilityGlobals) = postSolution
		SolutionGuid = {15943E97-D831-453A-8BFE-CEC7D1FCCF58}
	EndGlobalSection
EndGlobal
